{
  "name": "@~lisfan/timer",
  "version": "1.1.0-rc.9",
  "lockfileVersion": 1,
  "requires": true,
  "dependencies": {
    "@~lisfan/logger": {
      "version": "1.1.0-rc.13",
      "resolved": "https://registry.npmjs.org/@~lisfan/logger/-/logger-1.1.0-rc.13.tgz",
      "integrity": "sha512-OCO/SeMAmjn8+J+BdcusZzc9w7oG+uK33RBZxCOvTjkuNjRa6f+RLd/uJcrxlYbjfq06/5cbVu6jqPbSx2neIw==",
      "requires": {
        "@~lisfan/validation": "1.0.0-rc.9"
      }
    },
    "@~lisfan/validation": {
      "version": "1.0.0-rc.9",
      "resolved": "https://registry.npmjs.org/@~lisfan/validation/-/validation-1.0.0-rc.9.tgz",
      "integrity": "sha512-nidgxVcT+d34q4VnY4gDD4bkGY+ERFZNXXD4JSP6PGEFkGRrObVgZBwdYN8Gzfre/7NteQmvbJj8A608Y1aKfQ=="
    }
  }
}
