{
  "name": "@~lisfan/timer",
  "version": "1.0.0",
  "lockfileVersion": 1,
  "requires": true,
  "dependencies": {
    "@~lisfan/logger": {
      "version": "1.1.0-rc.0",
      "resolved": "https://registry.npmjs.org/@~lisfan/logger/-/logger-1.1.0-rc.0.tgz",
      "integrity": "sha512-/tLBunlxem266AIb1sdpgmn1AH4cjOUCNYFwiMfB1xdSGN5Wl19XFhSacDYBQNs1slJLUlD+vMTAPU22FHP+5A==",
      "requires": {
        "@~lisfan/validation": "1.0.0-rc.0"
      }
    },
    "@~lisfan/validation": {
      "version": "1.0.0-rc.0",
      "resolved": "https://registry.npmjs.org/@~lisfan/validation/-/validation-1.0.0-rc.0.tgz",
      "integrity": "sha512-WY+ZbCKaPmbLJYmfbUTUE/CDlSQwXvy9M0AsrVB8JndjBKsfLnYuKej8Nq62oUZO4cZCRpZo9LBGLWbpsRrRlw=="
    }
  }
}
